
Microsoft Visual Studio Solution File, Format Version 12.00
# Visual Studio Version 17
VisualStudioVersion = 17.14.36429.23
MinimumVisualStudioVersion = 10.0.40219.1
Project("{FAE04EC0-301F-11D3-BF4B-00C04F79EFBC}") = "TP3UnitTesting", "TP3UnitTesting\TP3UnitTesting.csproj", "{4B3FA548-53C2-4CEC-9A66-740C173EF22F}"
EndProject
Project("{FAE04EC0-301F-11D3-BF4B-00C04F79EFBC}") = "CDatos", "CDatos\CDatos.csproj", "{DFBA5A38-FAD3-4C10-AA4A-96E4D27F96DA}"
EndProject
Project("{FAE04EC0-301F-11D3-BF4B-00C04F79EFBC}") = "CNegocio", "CNegocio\CNegocio.csproj", "{008592AE-45A0-4D10-80CD-D0984A84C8C2}"
EndProject
Project("{FAE04EC0-301F-11D3-BF4B-00C04F79EFBC}") = "Shared", "Shared\Shared.csproj", "{2BED47A5-CEC5-4CEB-80AA-A4A01DDE4C07}"
EndProject
Project("{FAE04EC0-301F-11D3-BF4B-00C04F79EFBC}") = "MVC", "MVC\MVC.csproj", "{71C2D3E1-C580-4C08-9FC3-C982A25CE173}"
EndProject
Project("{FAE04EC0-301F-11D3-BF4B-00C04F79EFBC}") = "PruebasUnitarias", "PruebasUnitarias\PruebasUnitarias.csproj", "{7FE38CAD-E138-4317-B943-FDBCA87AA438}"
EndProject
Global
	GlobalSection(SolutionConfigurationPlatforms) = preSolution
		Debug|Any CPU = Debug|Any CPU
		Release|Any CPU = Release|Any CPU
	EndGlobalSection
	GlobalSection(ProjectConfigurationPlatforms) = postSolution
		{4B3FA548-53C2-4CEC-9A66-740C173EF22F}.Debug|Any CPU.ActiveCfg = Debug|Any CPU
		{4B3FA548-53C2-4CEC-9A66-740C173EF22F}.Debug|Any CPU.Build.0 = Debug|Any CPU
		{4B3FA548-53C2-4CEC-9A66-740C173EF22F}.Release|Any CPU.ActiveCfg = Release|Any CPU
		{4B3FA548-53C2-4CEC-9A66-740C173EF22F}.Release|Any CPU.Build.0 = Release|Any CPU
		{DFBA5A38-FAD3-4C10-AA4A-96E4D27F96DA}.Debug|Any CPU.ActiveCfg = Debug|Any CPU
		{DFBA5A38-FAD3-4C10-AA4A-96E4D27F96DA}.Debug|Any CPU.Build.0 = Debug|Any CPU
		{DFBA5A38-FAD3-4C10-AA4A-96E4D27F96DA}.Release|Any CPU.ActiveCfg = Release|Any CPU
		{DFBA5A38-FAD3-4C10-AA4A-96E4D27F96DA}.Release|Any CPU.Build.0 = Release|Any CPU
		{008592AE-45A0-4D10-80CD-D0984A84C8C2}.Debug|Any CPU.ActiveCfg = Debug|Any CPU
		{008592AE-45A0-4D10-80CD-D0984A84C8C2}.Debug|Any CPU.Build.0 = Debug|Any CPU
		{008592AE-45A0-4D10-80CD-D0984A84C8C2}.Release|Any CPU.ActiveCfg = Release|Any CPU
		{008592AE-45A0-4D10-80CD-D0984A84C8C2}.Release|Any CPU.Build.0 = Release|Any CPU
		{2BED47A5-CEC5-4CEB-80AA-A4A01DDE4C07}.Debug|Any CPU.ActiveCfg = Debug|Any CPU
		{2BED47A5-CEC5-4CEB-80AA-A4A01DDE4C07}.Debug|Any CPU.Build.0 = Debug|Any CPU
		{2BED47A5-CEC5-4CEB-80AA-A4A01DDE4C07}.Release|Any CPU.ActiveCfg = Release|Any CPU
		{2BED47A5-CEC5-4CEB-80AA-A4A01DDE4C07}.Release|Any CPU.Build.0 = Release|Any CPU
		{71C2D3E1-C580-4C08-9FC3-C982A25CE173}.Debug|Any CPU.ActiveCfg = Debug|Any CPU
		{71C2D3E1-C580-4C08-9FC3-C982A25CE173}.Debug|Any CPU.Build.0 = Debug|Any CPU
		{71C2D3E1-C580-4C08-9FC3-C982A25CE173}.Release|Any CPU.ActiveCfg = Release|Any CPU
		{71C2D3E1-C580-4C08-9FC3-C982A25CE173}.Release|Any CPU.Build.0 = Release|Any CPU
		{7FE38CAD-E138-4317-B943-FDBCA87AA438}.Debug|Any CPU.ActiveCfg = Debug|Any CPU
		{7FE38CAD-E138-4317-B943-FDBCA87AA438}.Debug|Any CPU.Build.0 = Debug|Any CPU
		{7FE38CAD-E138-4317-B943-FDBCA87AA438}.Release|Any CPU.ActiveCfg = Release|Any CPU
		{7FE38CAD-E138-4317-B943-FDBCA87AA438}.Release|Any CPU.Build.0 = Release|Any CPU
	EndGlobalSection
	GlobalSection(SolutionProperties) = preSolution
		HideSolutionNode = FALSE
	EndGlobalSection
	GlobalSection(ExtensibilityGlobals) = postSolution
		SolutionGuid = {14D08961-004F-4719-A349-1D75FA14AA00}
	EndGlobalSection
EndGlobal
